{
  "object": {
    "pins": [
      {
        "package": "CombineX",
        "repositoryURL": "https://github.com/cx-org/CombineX",
        "state": {
          "branch": "master",
          "revision": "6239d172a1c900a2438d3fbec91b3999a5d6d9f2",
          "version": null
        }
      },
      {
        "package": "CXCompatible",
        "repositoryURL": "https://github.com/cx-org/CXCompatible",
        "state": {
          "branch": "master",
          "revision": "4096c2774f33e0820a2b2ce025819fba1fd94b33",
          "version": null
        }
      },
      {
        "package": "CXFoundation",
        "repositoryURL": "https://github.com/cx-org/CXFoundation",
        "state": {
          "branch": "master",
          "revision": "e46c844dcdfa37ae07a8c7a7d8dca31ccffb5643",
          "version": null
        }
      },
      {
        "package": "Nimble",
        "repositoryURL": "https://github.com/Quick/Nimble.git",
        "state": {
          "branch": null,
          "revision": "f8657642dfdec9973efc79cc68bcef43a653a2bc",
          "version": "8.0.2"
        }
      },
      {
        "package": "Quick",
        "repositoryURL": "https://github.com/Quick/Quick.git",
        "state": {
          "branch": null,
          "revision": "33682c2f6230c60614861dfc61df267e11a1602f",
          "version": "2.2.0"
        }
      }
    ]
  },
  "version": 1
}
