{
  "object": {
    "pins": [
      {
        "package": "CombineX",
        "repositoryURL": "https://github.com/cx-org/CombineX",
        "state": {
          "branch": "master",
          "revision": "95056aaa02a13caa55263ce44368633936af9a1a",
          "version": null
        }
      },
      {
        "package": "CXFoundation",
        "repositoryURL": "https://github.com/cx-org/CXFoundation",
        "state": {
          "branch": "master",
          "revision": "705dbecc745ecd10b96193cde50c9b87d90b4bfb",
          "version": null
        }
      },
      {
        "package": "Nimble",
        "repositoryURL": "https://github.com/Quick/Nimble.git",
        "state": {
          "branch": null,
          "revision": "f8657642dfdec9973efc79cc68bcef43a653a2bc",
          "version": "8.0.2"
        }
      },
      {
        "package": "Quick",
        "repositoryURL": "https://github.com/Quick/Quick.git",
        "state": {
          "branch": null,
          "revision": "33682c2f6230c60614861dfc61df267e11a1602f",
          "version": "2.2.0"
        }
      }
    ]
  },
  "version": 1
}
