{
  "object": {
    "pins": [
      {
        "package": "CombineX",
        "repositoryURL": "https://github.com/cx-org/CombineX",
        "state": {
          "branch": null,
          "revision": "fa1d9a0a6620a2d56be79d6573df41685ef75c1a",
          "version": "0.3.2"
        }
      },
      {
        "package": "CXExtensions",
        "repositoryURL": "https://github.com/cx-org/CXExtensions",
        "state": {
          "branch": null,
          "revision": "6843af94bfaedfe90df1435c1a6c83cc3366a62b",
          "version": "0.3.0"
        }
      }
    ]
  },
  "version": 1
}
