// !$*UTF8*$!
{
	archiveVersion = 1;
	classes = {
	};
	objectVersion = 46;
	objects = {

/* Begin PBXBuildFile section */
		044F18871FBAE61A0022D25B /* Audirvana.swift in Sources */ = {isa = PBXBuildFile; fileRef = 044F18861FBAE61A0022D25B /* Audirvana.swift */; };
		BB4807FE1F97B6C20043A08F /* Spotify.swift in Sources */ = {isa = PBXBuildFile; fileRef = BB4807FD1F97B6C20043A08F /* Spotify.swift */; };
		BB4808021F99AE030043A08F /* Vox.swift in Sources */ = {isa = PBXBuildFile; fileRef = BB4808011F99AE030043A08F /* Vox.swift */; };
		BB832E731FA715A00014079B /* ScriptingBridge.framework in Frameworks */ = {isa = PBXBuildFile; fileRef = BB832E721FA715A00014079B /* ScriptingBridge.framework */; };
		BB832E751FA715B40014079B /* AppKit.framework in Frameworks */ = {isa = PBXBuildFile; fileRef = BB832E741FA715B40014079B /* AppKit.framework */; };
		BB832E771FA715CB0014079B /* Foundation.framework in Frameworks */ = {isa = PBXBuildFile; fileRef = BB832E761FA715CB0014079B /* Foundation.framework */; };
		BBAB97011F94E6C900E5E807 /* iTunes.swift in Sources */ = {isa = PBXBuildFile; fileRef = BBAB97001F94E6C900E5E807 /* iTunes.swift */; };
		BBAB97021F94E7AC00E5E807 /* iTunesBridge.swift in Sources */ = {isa = PBXBuildFile; fileRef = BBAB96FE1F94DE5100E5E807 /* iTunesBridge.swift */; };
		BBAB97031F94E7AC00E5E807 /* SpotifyBridge.swift in Sources */ = {isa = PBXBuildFile; fileRef = BBAB96FD1F94DE5100E5E807 /* SpotifyBridge.swift */; };
		BBAB97041F94E7AC00E5E807 /* VoxBridge.swift in Sources */ = {isa = PBXBuildFile; fileRef = BBAB96FF1F94DE5100E5E807 /* VoxBridge.swift */; };
		BBAB97061F94F62500E5E807 /* Global.swift in Sources */ = {isa = PBXBuildFile; fileRef = BBAB97051F94F62500E5E807 /* Global.swift */; };
		BBAB97081F97026B00E5E807 /* MusicPlayerManager.swift in Sources */ = {isa = PBXBuildFile; fileRef = BBAB97071F97026B00E5E807 /* MusicPlayerManager.swift */; };
		BBF83E271FB7354B00D76E5B /* AudirvanaBridge.swift in Sources */ = {isa = PBXBuildFile; fileRef = BBF83E261FB7354B00D76E5B /* AudirvanaBridge.swift */; };
		OBJ_17 /* MusicPlayer.swift in Sources */ = {isa = PBXBuildFile; fileRef = OBJ_8 /* MusicPlayer.swift */; };
/* End PBXBuildFile section */

/* Begin PBXFileReference section */
		044F18861FBAE61A0022D25B /* Audirvana.swift */ = {isa = PBXFileReference; lastKnownFileType = sourcecode.swift; path = Audirvana.swift; sourceTree = "<group>"; };
		BB4807FD1F97B6C20043A08F /* Spotify.swift */ = {isa = PBXFileReference; lastKnownFileType = sourcecode.swift; path = Spotify.swift; sourceTree = "<group>"; };
		BB4808011F99AE030043A08F /* Vox.swift */ = {isa = PBXFileReference; lastKnownFileType = sourcecode.swift; path = Vox.swift; sourceTree = "<group>"; };
		BB832E721FA715A00014079B /* ScriptingBridge.framework */ = {isa = PBXFileReference; lastKnownFileType = wrapper.framework; name = ScriptingBridge.framework; path = System/Library/Frameworks/ScriptingBridge.framework; sourceTree = SDKROOT; };
		BB832E741FA715B40014079B /* AppKit.framework */ = {isa = PBXFileReference; lastKnownFileType = wrapper.framework; name = AppKit.framework; path = System/Library/Frameworks/AppKit.framework; sourceTree = SDKROOT; };
		BB832E761FA715CB0014079B /* Foundation.framework */ = {isa = PBXFileReference; lastKnownFileType = wrapper.framework; name = Foundation.framework; path = System/Library/Frameworks/Foundation.framework; sourceTree = SDKROOT; };
		BBAB96FD1F94DE5100E5E807 /* SpotifyBridge.swift */ = {isa = PBXFileReference; lastKnownFileType = sourcecode.swift; path = SpotifyBridge.swift; sourceTree = "<group>"; };
		BBAB96FE1F94DE5100E5E807 /* iTunesBridge.swift */ = {isa = PBXFileReference; lastKnownFileType = sourcecode.swift; path = iTunesBridge.swift; sourceTree = "<group>"; };
		BBAB96FF1F94DE5100E5E807 /* VoxBridge.swift */ = {isa = PBXFileReference; lastKnownFileType = sourcecode.swift; path = VoxBridge.swift; sourceTree = "<group>"; };
		BBAB97001F94E6C900E5E807 /* iTunes.swift */ = {isa = PBXFileReference; lastKnownFileType = sourcecode.swift; path = iTunes.swift; sourceTree = "<group>"; };
		BBAB97051F94F62500E5E807 /* Global.swift */ = {isa = PBXFileReference; lastKnownFileType = sourcecode.swift; path = Global.swift; sourceTree = "<group>"; };
		BBAB97071F97026B00E5E807 /* MusicPlayerManager.swift */ = {isa = PBXFileReference; lastKnownFileType = sourcecode.swift; path = MusicPlayerManager.swift; sourceTree = "<group>"; };
		BBF83E261FB7354B00D76E5B /* AudirvanaBridge.swift */ = {isa = PBXFileReference; fileEncoding = 4; lastKnownFileType = sourcecode.swift; path = AudirvanaBridge.swift; sourceTree = "<group>"; };
		"MusicPlayer::MusicPlayer::Product" /* MusicPlayer.framework */ = {isa = PBXFileReference; explicitFileType = wrapper.framework; path = MusicPlayer.framework; sourceTree = BUILT_PRODUCTS_DIR; };
		OBJ_6 /* Package.swift */ = {isa = PBXFileReference; explicitFileType = sourcecode.swift; path = Package.swift; sourceTree = "<group>"; };
		OBJ_8 /* MusicPlayer.swift */ = {isa = PBXFileReference; lastKnownFileType = sourcecode.swift; path = MusicPlayer.swift; sourceTree = "<group>"; };
/* End PBXFileReference section */

/* Begin PBXFrameworksBuildPhase section */
		OBJ_18 /* Frameworks */ = {
			isa = PBXFrameworksBuildPhase;
			buildActionMask = 0;
			files = (
				BB832E771FA715CB0014079B /* Foundation.framework in Frameworks */,
				BB832E751FA715B40014079B /* AppKit.framework in Frameworks */,
				BB832E731FA715A00014079B /* ScriptingBridge.framework in Frameworks */,
			);
			runOnlyForDeploymentPostprocessing = 0;
		};
/* End PBXFrameworksBuildPhase section */

/* Begin PBXGroup section */
		BB832E711FA715A00014079B /* Frameworks */ = {
			isa = PBXGroup;
			children = (
				BB832E741FA715B40014079B /* AppKit.framework */,
				BB832E761FA715CB0014079B /* Foundation.framework */,
				BB832E721FA715A00014079B /* ScriptingBridge.framework */,
			);
			name = Frameworks;
			sourceTree = "<group>";
		};
		BBAB96FC1F94DE5100E5E807 /* BridgeHeader */ = {
			isa = PBXGroup;
			children = (
				BBAB96FE1F94DE5100E5E807 /* iTunesBridge.swift */,
				BBAB96FD1F94DE5100E5E807 /* SpotifyBridge.swift */,
				BBAB96FF1F94DE5100E5E807 /* VoxBridge.swift */,
				BBF83E261FB7354B00D76E5B /* AudirvanaBridge.swift */,
			);
			path = BridgeHeader;
			sourceTree = "<group>";
		};
		OBJ_10 /* Products */ = {
			isa = PBXGroup;
			children = (
				"MusicPlayer::MusicPlayer::Product" /* MusicPlayer.framework */,
			);
			name = Products;
			sourceTree = BUILT_PRODUCTS_DIR;
		};
		OBJ_5 = {
			isa = PBXGroup;
			children = (
				OBJ_6 /* Package.swift */,
				BB832E711FA715A00014079B /* Frameworks */,
				OBJ_7 /* Sources */,
				OBJ_10 /* Products */,
			);
			sourceTree = "<group>";
		};
		OBJ_7 /* Sources */ = {
			isa = PBXGroup;
			children = (
				BBAB96FC1F94DE5100E5E807 /* BridgeHeader */,
				OBJ_8 /* MusicPlayer.swift */,
				BBAB97071F97026B00E5E807 /* MusicPlayerManager.swift */,
				BBAB97001F94E6C900E5E807 /* iTunes.swift */,
				BB4807FD1F97B6C20043A08F /* Spotify.swift */,
				BB4808011F99AE030043A08F /* Vox.swift */,
				BBAB97051F94F62500E5E807 /* Global.swift */,
				044F18861FBAE61A0022D25B /* Audirvana.swift */,
			);
			path = Sources;
			sourceTree = SOURCE_ROOT;
		};
/* End PBXGroup section */

/* Begin PBXNativeTarget section */
		"MusicPlayer::MusicPlayer" /* MusicPlayer */ = {
			isa = PBXNativeTarget;
			buildConfigurationList = OBJ_13 /* Build configuration list for PBXNativeTarget "MusicPlayer" */;
			buildPhases = (
				OBJ_16 /* Sources */,
				OBJ_18 /* Frameworks */,
				BB21D57A1FA75FB900E1FF6C /* Bump Build */,
			);
			buildRules = (
			);
			dependencies = (
			);
			name = MusicPlayer;
			productName = MusicPlayer;
			productReference = "MusicPlayer::MusicPlayer::Product" /* MusicPlayer.framework */;
			productType = "com.apple.product-type.framework";
		};
/* End PBXNativeTarget section */

/* Begin PBXProject section */
		OBJ_1 /* Project object */ = {
			isa = PBXProject;
			attributes = {
				LastUpgradeCheck = 9999;
			};
			buildConfigurationList = OBJ_2 /* Build configuration list for PBXProject "MusicPlayer" */;
			compatibilityVersion = "Xcode 3.2";
			developmentRegion = English;
			hasScannedForEncodings = 0;
			knownRegions = (
				en,
			);
			mainGroup = OBJ_5;
			productRefGroup = OBJ_10 /* Products */;
			projectDirPath = "";
			projectRoot = "";
			targets = (
				"MusicPlayer::MusicPlayer" /* MusicPlayer */,
			);
		};
/* End PBXProject section */

/* Begin PBXShellScriptBuildPhase section */
		BB21D57A1FA75FB900E1FF6C /* Bump Build */ = {
			isa = PBXShellScriptBuildPhase;
			buildActionMask = 2147483647;
			files = (
			);
			inputPaths = (
			);
			name = "Bump Build";
			outputPaths = (
			);
			runOnlyForDeploymentPostprocessing = 0;
			shellPath = /bin/sh;
			shellScript = "buildNumber=$(/usr/libexec/PlistBuddy -c \"Print CFBundleVersion\" \"${PROJECT_DIR}/${INFOPLIST_FILE}\")\nbuildNumber=$(($buildNumber + 1))\n/usr/libexec/PlistBuddy -c \"Set :CFBundleVersion $buildNumber\" \"${PROJECT_DIR}/${INFOPLIST_FILE}\"";
		};
/* End PBXShellScriptBuildPhase section */

/* Begin PBXSourcesBuildPhase section */
		OBJ_16 /* Sources */ = {
			isa = PBXSourcesBuildPhase;
			buildActionMask = 0;
			files = (
				044F18871FBAE61A0022D25B /* Audirvana.swift in Sources */,
				OBJ_17 /* MusicPlayer.swift in Sources */,
				BBF83E271FB7354B00D76E5B /* AudirvanaBridge.swift in Sources */,
				BBAB97081F97026B00E5E807 /* MusicPlayerManager.swift in Sources */,
				BB4808021F99AE030043A08F /* Vox.swift in Sources */,
				BBAB97031F94E7AC00E5E807 /* SpotifyBridge.swift in Sources */,
				BBAB97061F94F62500E5E807 /* Global.swift in Sources */,
				BBAB97011F94E6C900E5E807 /* iTunes.swift in Sources */,
				BBAB97021F94E7AC00E5E807 /* iTunesBridge.swift in Sources */,
				BB4807FE1F97B6C20043A08F /* Spotify.swift in Sources */,
				BBAB97041F94E7AC00E5E807 /* VoxBridge.swift in Sources */,
			);
			runOnlyForDeploymentPostprocessing = 0;
		};
/* End PBXSourcesBuildPhase section */

/* Begin XCBuildConfiguration section */
		OBJ_14 /* Debug */ = {
			isa = XCBuildConfiguration;
			buildSettings = {
				ENABLE_TESTABILITY = YES;
				FRAMEWORK_SEARCH_PATHS = (
					"$(inherited)",
					"$(PLATFORM_DIR)/Developer/Library/Frameworks",
				);
				INFOPLIST_FILE = MusicPlayer.xcodeproj/MusicPlayer_Info.plist;
				LD_RUNPATH_SEARCH_PATHS = "$(TOOLCHAIN_DIR)/usr/lib/swift/macosx";
				OTHER_LDFLAGS = "$(inherited)";
				OTHER_SWIFT_FLAGS = "$(inherited)";
				PRODUCT_BUNDLE_IDENTIFIER = ddddxxx.LyricsX.MusicPlayer;
				PRODUCT_MODULE_NAME = "$(TARGET_NAME:c99extidentifier)";
				PRODUCT_NAME = "$(TARGET_NAME:c99extidentifier)";
				SKIP_INSTALL = YES;
				TARGET_NAME = MusicPlayer;
			};
			name = Debug;
		};
		OBJ_15 /* Release */ = {
			isa = XCBuildConfiguration;
			buildSettings = {
				ENABLE_TESTABILITY = YES;
				FRAMEWORK_SEARCH_PATHS = (
					"$(inherited)",
					"$(PLATFORM_DIR)/Developer/Library/Frameworks",
				);
				INFOPLIST_FILE = MusicPlayer.xcodeproj/MusicPlayer_Info.plist;
				LD_RUNPATH_SEARCH_PATHS = "$(TOOLCHAIN_DIR)/usr/lib/swift/macosx";
				OTHER_LDFLAGS = "$(inherited)";
				OTHER_SWIFT_FLAGS = "$(inherited)";
				PRODUCT_BUNDLE_IDENTIFIER = ddddxxx.LyricsX.MusicPlayer;
				PRODUCT_MODULE_NAME = "$(TARGET_NAME:c99extidentifier)";
				PRODUCT_NAME = "$(TARGET_NAME:c99extidentifier)";
				SKIP_INSTALL = YES;
				TARGET_NAME = MusicPlayer;
			};
			name = Release;
		};
		OBJ_3 /* Debug */ = {
			isa = XCBuildConfiguration;
			buildSettings = {
				CLANG_ENABLE_OBJC_ARC = YES;
				COMBINE_HIDPI_IMAGES = YES;
				COPY_PHASE_STRIP = NO;
				DEBUG_INFORMATION_FORMAT = dwarf;
				DYLIB_INSTALL_NAME_BASE = "@rpath";
				ENABLE_NS_ASSERTIONS = YES;
				GCC_OPTIMIZATION_LEVEL = 0;
				MACOSX_DEPLOYMENT_TARGET = 10.9;
				ONLY_ACTIVE_ARCH = YES;
				OTHER_SWIFT_FLAGS = "-DXcode";
				PRODUCT_NAME = "$(TARGET_NAME)";
				SDKROOT = macosx;
				SUPPORTED_PLATFORMS = "macosx iphoneos iphonesimulator appletvos appletvsimulator watchos watchsimulator";
				SWIFT_ACTIVE_COMPILATION_CONDITIONS = SWIFT_PACKAGE;
				SWIFT_OPTIMIZATION_LEVEL = "-Onone";
				SWIFT_VERSION = 4.0;
				USE_HEADERMAP = NO;
			};
			name = Debug;
		};
		OBJ_4 /* Release */ = {
			isa = XCBuildConfiguration;
			buildSettings = {
				CLANG_ENABLE_OBJC_ARC = YES;
				COMBINE_HIDPI_IMAGES = YES;
				COPY_PHASE_STRIP = YES;
				DEBUG_INFORMATION_FORMAT = "dwarf-with-dsym";
				DYLIB_INSTALL_NAME_BASE = "@rpath";
				GCC_OPTIMIZATION_LEVEL = s;
				MACOSX_DEPLOYMENT_TARGET = 10.9;
				OTHER_SWIFT_FLAGS = "-DXcode";
				PRODUCT_NAME = "$(TARGET_NAME)";
				SDKROOT = macosx;
				SUPPORTED_PLATFORMS = "macosx iphoneos iphonesimulator appletvos appletvsimulator watchos watchsimulator";
				SWIFT_ACTIVE_COMPILATION_CONDITIONS = SWIFT_PACKAGE;
				SWIFT_OPTIMIZATION_LEVEL = "-Owholemodule";
				SWIFT_VERSION = 4.0;
				USE_HEADERMAP = NO;
			};
			name = Release;
		};
/* End XCBuildConfiguration section */

/* Begin XCConfigurationList section */
		OBJ_13 /* Build configuration list for PBXNativeTarget "MusicPlayer" */ = {
			isa = XCConfigurationList;
			buildConfigurations = (
				OBJ_14 /* Debug */,
				OBJ_15 /* Release */,
			);
			defaultConfigurationIsVisible = 0;
			defaultConfigurationName = Debug;
		};
		OBJ_2 /* Build configuration list for PBXProject "MusicPlayer" */ = {
			isa = XCConfigurationList;
			buildConfigurations = (
				OBJ_3 /* Debug */,
				OBJ_4 /* Release */,
			);
			defaultConfigurationIsVisible = 0;
			defaultConfigurationName = Debug;
		};
/* End XCConfigurationList section */
	};
	rootObject = OBJ_1 /* Project object */;
}
